PODS:
  - AFNetworking (2.6.3):
    - AFNetworking/NSURLConnection (= 2.6.3)
    - AFNetworking/NSURLSession (= 2.6.3)
    - AFNetworking/Reachability (= 2.6.3)
    - AFNetworking/Security (= 2.6.3)
    - AFNetworking/Serialization (= 2.6.3)
    - AFNetworking/UIKit (= 2.6.3)
  - AFNetworking/NSURLConnection (2.6.3):
    - AFNetworking/Reachability
    - AFNetworking/Security
    - AFNetworking/Serialization
  - AFNetworking/NSURLSession (2.6.3):
    - AFNetworking/Reachability
    - AFNetworking/Security
    - AFNetworking/Serialization
  - AFNetworking/Reachability (2.6.3)
  - AFNetworking/Security (2.6.3)
  - AFNetworking/Serialization (2.6.3)
  - AFNetworking/UIKit (2.6.3):
    - AFNetworking/NSURLConnection
    - AFNetworking/NSURLSession
  - CocoaAsyncSocket (7.4.3):
    - CocoaAsyncSocket/All (= 7.4.3)
  - CocoaAsyncSocket/All (7.4.3):
    - CocoaAsyncSocket/GCD
    - CocoaAsyncSocket/RunLoop
  - CocoaAsyncSocket/GCD (7.4.3)
  - CocoaAsyncSocket/RunLoop (7.4.3)
  - GCDWebServer (3.3.3):
    - GCDWebServer/Core (= 3.3.3)
  - GCDWebServer/Core (3.3.3)
  - Ono (1.2.2)
  - UPnAtom (0.7.0):
    - AFNetworking (~> 2)
    - CocoaAsyncSocket (~> 7.4.1)
    - GCDWebServer (~> 3.3)
    - Ono (~> 1.2.0)

DEPENDENCIES:
  - UPnAtom (from `../..`)

EXTERNAL SOURCES:
  UPnAtom:
    :path: ../..

SPEC CHECKSUMS:
  AFNetworking: cb8d14a848e831097108418f5d49217339d4eb60
  CocoaAsyncSocket: a18c75dca4b08723628a0bacca6e94803d90be91
  GCDWebServer: 1c39a1f0763e4eb492bee021e4270fce097d3555
  Ono: 80b1c686777d3f6d5d5ce6fcac8a74afef4ca197
<<<<<<< HEAD
  UPnAtom: ae24b6ff9e4216e22f10c55c6ea5f8c5b83c694a

PODFILE CHECKSUM: 0c01f4122f5037d4cf76b9400cce28aeada874ce

COCOAPODS: 1.0.1
=======
  UPnAtom: 1ad45fd7a4c1b40c33550746ba5386941ffad4f6

PODFILE CHECKSUM: 0c01f4122f5037d4cf76b9400cce28aeada874ce

COCOAPODS: 1.4.0
>>>>>>> swift3
